
Microsoft Visual Studio Solution File, Format Version 12.00
# Visual Studio Version 17
VisualStudioVersion = 17.1.32210.238
MinimumVisualStudioVersion = 10.0.40219.1
Project("{FAE04EC0-301F-11D3-BF4B-00C04F79EFBC}") = "cl1", "cl1\cl1.csproj", "{D2676529-8C3F-4176-8F95-39474A2169EE}"
EndProject
Project("{FAE04EC0-301F-11D3-BF4B-00C04F79EFBC}") = "cl2", "cl2\cl2.csproj", "{C08E4599-D36B-43BD-8D75-6436BC19430C}"
EndProject
Global
	GlobalSection(SolutionConfigurationPlatforms) = preSolution
		Debug|Any CPU = Debug|Any CPU
		Release|Any CPU = Release|Any CPU
	EndGlobalSection
	GlobalSection(ProjectConfigurationPlatforms) = postSolution
		{D2676529-8C3F-4176-8F95-39474A2169EE}.Debug|Any CPU.ActiveCfg = Debug|Any CPU
		{D2676529-8C3F-4176-8F95-39474A2169EE}.Debug|Any CPU.Build.0 = Debug|Any CPU
		{D2676529-8C3F-4176-8F95-39474A2169EE}.Release|Any CPU.ActiveCfg = Release|Any CPU
		{D2676529-8C3F-4176-8F95-39474A2169EE}.Release|Any CPU.Build.0 = Release|Any CPU
		{C08E4599-D36B-43BD-8D75-6436BC19430C}.Debug|Any CPU.ActiveCfg = Debug|Any CPU
		{C08E4599-D36B-43BD-8D75-6436BC19430C}.Debug|Any CPU.Build.0 = Debug|Any CPU
		{C08E4599-D36B-43BD-8D75-6436BC19430C}.Release|Any CPU.ActiveCfg = Release|Any CPU
		{C08E4599-D36B-43BD-8D75-6436BC19430C}.Release|Any CPU.Build.0 = Release|Any CPU
	EndGlobalSection
	GlobalSection(SolutionProperties) = preSolution
		HideSolutionNode = FALSE
	EndGlobalSection
	GlobalSection(ExtensibilityGlobals) = postSolution
		SolutionGuid = {FBB7FF2C-339C-4DBB-8C7B-2041A94E6C56}
	EndGlobalSection
EndGlobal
